{"is_source_file": false, "format": "", "description": "", "external_files": [], "external_methods": [], "published": [], "classes": [], "methods": [], "calls": [], "search-terms": [], "state": 2, "file_id": 14, "knowledge_revision": 28, "git_revision": "638d28240e0f9c0f0581d12ccc1283a02c410790", "hash": "9c4ed7ef73e22b872b8055bec08b8979", "format-version": 4, "code-base-name": "default", "filename": "notemaster/post_process_status.lock", "revision_history": [{"28": "638d28240e0f9c0f0581d12ccc1283a02c410790"}]}